{
  "version": 4,
  "terraform_version": "1.5.7",
  "serial": 22,
  "lineage": "7acf7893-85ef-5091-7b44-c6d2ed4f61d5",
  "outputs": {
    "server_ips": {
      "value": [
        "93.183.74.84",
        "93.183.74.88"
      ],
      "type": [
        "tuple",
        [
          "string",
          "string"
        ]
      ]
    }
  },
  "resources": [
    {
      "mode": "managed",
      "type": "serverspace_isolated_network",
      "name": "my_net",
      "provider": "provider[\"registry.terraform.io/itglobalcom/serverspace\"]",
      "instances": [
        {
          "schema_version": 0,
          "attributes": {
            "description": "Example for Terraform",
            "id": "l44n479",
            "location": "ds1",
            "mask": 24,
            "name": "my_net",
            "network_prefix": "192.168.0.0"
          },
          "sensitive_attributes": [],
          "private": "bnVsbA=="
        }
      ]
    },
    {
      "mode": "managed",
      "type": "serverspace_isolated_network",
      "name": "my_subnet",
      "provider": "provider[\"registry.terraform.io/itglobalcom/serverspace\"]",
      "instances": [
        {
          "schema_version": 0,
          "attributes": {
            "description": "Subnet for my isolated network",
            "id": "l44n480",
            "location": "ds1",
            "mask": 24,
            "name": "my_subnet",
            "network_prefix": "192.168.1.0"
          },
          "sensitive_attributes": [],
          "private": "bnVsbA=="
        }
      ]
    },
    {
      "mode": "managed",
      "type": "serverspace_server",
      "name": "servers",
      "provider": "provider[\"registry.terraform.io/itglobalcom/serverspace\"]",
      "instances": [
        {
          "index_key": 0,
          "schema_version": 0,
          "attributes": {
            "boot_volume_id": 18222,
            "boot_volume_size": 25600,
            "cpu": 1,
            "id": "l44s1084659",
            "image": "Ubuntu-22.04-X64",
            "location": "ds1",
            "name": "network-server-1",
            "nic": [
              {
                "bandwidth": 0,
                "id": 19229,
                "ip_address": "192.168.0.1",
                "network": "l44n479",
                "network_type": "Isolated"
              },
              {
                "bandwidth": 50,
                "id": 19228,
                "ip_address": "93.183.74.84",
                "network": "",
                "network_type": "PublicShared"
              }
            ],
            "public_ip_addresses": [
              "93.183.74.84"
            ],
            "ram": 1024,
            "ssh_keys": [],
            "volume": []
          },
          "sensitive_attributes": [],
          "private": "bnVsbA==",
          "dependencies": [
            "serverspace_isolated_network.my_net",
            "serverspace_ssh.terraform"
          ]
        },
        {
          "index_key": 1,
          "schema_version": 0,
          "attributes": {
            "boot_volume_id": 18223,
            "boot_volume_size": 25600,
            "cpu": 1,
            "id": "l44s1084660",
            "image": "Ubuntu-22.04-X64",
            "location": "ds1",
            "name": "network-server-2",
            "nic": [
              {
                "bandwidth": 0,
                "id": 19231,
                "ip_address": "192.168.0.2",
                "network": "l44n479",
                "network_type": "Isolated"
              },
              {
                "bandwidth": 50,
                "id": 19230,
                "ip_address": "93.183.74.88",
                "network": "",
                "network_type": "PublicShared"
              }
            ],
            "public_ip_addresses": [
              "93.183.74.88"
            ],
            "ram": 1024,
            "ssh_keys": [],
            "volume": []
          },
          "sensitive_attributes": [],
          "private": "bnVsbA==",
          "dependencies": [
            "serverspace_isolated_network.my_net",
            "serverspace_ssh.terraform"
          ]
        }
      ]
    },
    {
      "mode": "managed",
      "type": "serverspace_ssh",
      "name": "terraform",
      "provider": "provider[\"registry.terraform.io/itglobalcom/serverspace\"]",
      "instances": [
        {
          "schema_version": 0,
          "attributes": {
            "id": "24626",
            "name": "terraform-key",
            "public_key": "ssh-rsa AAAAB3NzaC1yc2EAAAADAQABAAABgQDBgPA0NTFEb54dBQz0sERV8mkbzSgpRpKfpJ1lh2tGezdcR/Pp+p+UWwcRBzxq4CQ5hH1dKcU7/eIBwRM2LGWM1wJJlU43O1ozJ7jgFYCb80RJ9A5jAJYtK8O25eB6q2hfb758O6GWNyEgb+Oi1ztoCv2/iGx8SDEilYD3cGdANHzUjKgsD5vTbbsPMGAt7hnQYyidTXRUx4mx+dXZa2XbdLJvRK2V94n8qYxsdvQFZWovqzREGDk9/Gdg+itJTRIMWkmFAvLmAqMcQDDKEYRGbOop3Owr9pQ7jIuIKtnNtaFX8s6y+hvIzD4/3yYX6ZqpA/HrOkniSHDZEfuBjPj5wPOQX09EDjJsqCZNQ4pnqohCXoHuCIsv8PM/RnS1hCIXQGeYGI4UflrrSpKmyRJqHsN8JXEWXzDLJNY6m7sZj1UwQ6U/T7ByEEcxsUOMqesCLkpBRmf7wDJdD6SWxy2AT1gK6oS60L2uemYuuxcTrFCLGO6sMY3UYYa/TIjQbuc= andreyshabunov@MacBook-Pro-Andrej.local"
          },
          "sensitive_attributes": [],
          "private": "bnVsbA=="
        }
      ]
    }
  ],
  "check_results": null
}
